
Microsoft Visual Studio Solution File, Format Version 12.00
# Visual Studio Version 16
VisualStudioVersion = 25.0.1706.12
MinimumVisualStudioVersion = 10.0.40219.1
Project("{FAE04EC0-301F-11D3-BF4B-00C04F79EFBC}") = "MauiPush", "MauiPush\MauiPush.csproj", "{C3A4D8FC-2052-4296-99FB-CC61CF7EC6C6}"
EndProject
Global
	GlobalSection(SolutionConfigurationPlatforms) = preSolution
		Debug|Any CPU = Debug|Any CPU
		Release|Any CPU = Release|Any CPU
	EndGlobalSection
	GlobalSection(ProjectConfigurationPlatforms) = postSolution
		{C3A4D8FC-2052-4296-99FB-CC61CF7EC6C6}.Debug|Any CPU.ActiveCfg = Debug|Any CPU
		{C3A4D8FC-2052-4296-99FB-CC61CF7EC6C6}.Debug|Any CPU.Build.0 = Debug|Any CPU
		{C3A4D8FC-2052-4296-99FB-CC61CF7EC6C6}.Release|Any CPU.ActiveCfg = Release|Any CPU
		{C3A4D8FC-2052-4296-99FB-CC61CF7EC6C6}.Release|Any CPU.Build.0 = Release|Any CPU
	EndGlobalSection
	GlobalSection(SolutionProperties) = preSolution
		HideSolutionNode = FALSE
	EndGlobalSection
	GlobalSection(ExtensibilityGlobals) = postSolution
		SolutionGuid = {B27B5278-1479-460F-98CD-38B241170086}
	EndGlobalSection
EndGlobal
